Microsoft Visual Studio Solution File, Format Version 12.00
# Visual Studio Version 17
VisualStudioVersion = 17.8.0.0
MinimumVisualStudioVersion = 17.8.0.0
Project("{9A19103F-16F7-4668-BE54-9A1E7A4F7556}") = "TmpAspireInspect.AppHost", "TmpAspireInspect.AppHost\TmpAspireInspect.AppHost.csproj", "{C3898682-CDF2-434C-B9E6-8962B2794996}"
EndProject
Project("{9A19103F-16F7-4668-BE54-9A1E7A4F7556}") = "TmpAspireInspect.ServiceDefaults", "TmpAspireInspect.ServiceDefaults\TmpAspireInspect.ServiceDefaults.csproj", "{B2404B77-0916-4808-9D16-3CA12ACD6E0D}"
EndProject
Global
	GlobalSection(SolutionConfigurationPlatforms) = preSolution
		Debug|Any CPU = Debug|Any CPU
		Release|Any CPU = Release|Any CPU
	EndGlobalSection
	GlobalSection(ProjectConfigurationPlatforms) = postSolution
		{C3898682-CDF2-434C-B9E6-8962B2794996}.Debug|Any CPU.ActiveCfg = Debug|Any CPU
		{C3898682-CDF2-434C-B9E6-8962B2794996}.Debug|Any CPU.Build.0 = Debug|Any CPU
		{C3898682-CDF2-434C-B9E6-8962B2794996}.Release|Any CPU.ActiveCfg = Release|Any CPU
		{C3898682-CDF2-434C-B9E6-8962B2794996}.Release|Any CPU.Build.0 = Release|Any CPU
		{B2404B77-0916-4808-9D16-3CA12ACD6E0D}.Debug|Any CPU.ActiveCfg = Debug|Any CPU
		{B2404B77-0916-4808-9D16-3CA12ACD6E0D}.Debug|Any CPU.Build.0 = Debug|Any CPU
		{B2404B77-0916-4808-9D16-3CA12ACD6E0D}.Release|Any CPU.ActiveCfg = Release|Any CPU
		{B2404B77-0916-4808-9D16-3CA12ACD6E0D}.Release|Any CPU.Build.0 = Release|Any CPU
	EndGlobalSection
	GlobalSection(SolutionProperties) = preSolution
		HideSolutionNode = FALSE
	EndGlobalSection
	GlobalSection(ExtensibilityGlobals) = postSolution
		SolutionGuid = {CE7A05FD-F7D0-4BA0-8119-C44598720453}
	EndGlobalSection
EndGlobal
